
Microsoft Visual Studio Solution File, Format Version 12.00
# Visual Studio Version 17
VisualStudioVersion = 17.13.35825.156 d17.13
MinimumVisualStudioVersion = 10.0.40219.1
Project("{FAE04EC0-301F-11D3-BF4B-00C04F79EFBC}") = "Demo03", "Demo03.csproj", "{B8CDABDC-CB33-491F-BDFC-6DBD507AA186}"
EndProject
Global
	GlobalSection(SolutionConfigurationPlatforms) = preSolution
		Debug|Any CPU = Debug|Any CPU
		Release|Any CPU = Release|Any CPU
	EndGlobalSection
	GlobalSection(ProjectConfigurationPlatforms) = postSolution
		{B8CDABDC-CB33-491F-BDFC-6DBD507AA186}.Debug|Any CPU.ActiveCfg = Debug|Any CPU
		{B8CDABDC-CB33-491F-BDFC-6DBD507AA186}.Debug|Any CPU.Build.0 = Debug|Any CPU
		{B8CDABDC-CB33-491F-BDFC-6DBD507AA186}.Release|Any CPU.ActiveCfg = Release|Any CPU
		{B8CDABDC-CB33-491F-BDFC-6DBD507AA186}.Release|Any CPU.Build.0 = Release|Any CPU
	EndGlobalSection
	GlobalSection(SolutionProperties) = preSolution
		HideSolutionNode = FALSE
	EndGlobalSection
	GlobalSection(ExtensibilityGlobals) = postSolution
		SolutionGuid = {C07138CF-C9C8-4F11-9CF7-071980DC22F9}
	EndGlobalSection
EndGlobal
